
Microsoft Visual Studio Solution File, Format Version 12.00
# Visual Studio 2012
Project("{FAE04EC0-301F-11D3-BF4B-00C04F79EFBC}") = "GITTEST", "GITTEST\GITTEST.csproj", "{91AFCC0D-EFAA-42F7-B75F-DEBB8964E319}"
EndProject
Project("{FAE04EC0-301F-11D3-BF4B-00C04F79EFBC}") = "GITTEST.Tests", "GITTEST.Tests\GITTEST.Tests.csproj", "{68D83611-C11E-4F40-A3C3-A8A6C9364777}"
EndProject
Global
	GlobalSection(SolutionConfigurationPlatforms) = preSolution
		Debug|Any CPU = Debug|Any CPU
		Release|Any CPU = Release|Any CPU
	EndGlobalSection
	GlobalSection(ProjectConfigurationPlatforms) = postSolution
		{91AFCC0D-EFAA-42F7-B75F-DEBB8964E319}.Debug|Any CPU.ActiveCfg = Debug|Any CPU
		{91AFCC0D-EFAA-42F7-B75F-DEBB8964E319}.Debug|Any CPU.Build.0 = Debug|Any CPU
		{91AFCC0D-EFAA-42F7-B75F-DEBB8964E319}.Release|Any CPU.ActiveCfg = Release|Any CPU
		{91AFCC0D-EFAA-42F7-B75F-DEBB8964E319}.Release|Any CPU.Build.0 = Release|Any CPU
		{68D83611-C11E-4F40-A3C3-A8A6C9364777}.Debug|Any CPU.ActiveCfg = Debug|Any CPU
		{68D83611-C11E-4F40-A3C3-A8A6C9364777}.Debug|Any CPU.Build.0 = Debug|Any CPU
		{68D83611-C11E-4F40-A3C3-A8A6C9364777}.Release|Any CPU.ActiveCfg = Release|Any CPU
		{68D83611-C11E-4F40-A3C3-A8A6C9364777}.Release|Any CPU.Build.0 = Release|Any CPU
	EndGlobalSection
	GlobalSection(SolutionProperties) = preSolution
		HideSolutionNode = FALSE
	EndGlobalSection
EndGlobal
